
Microsoft Visual Studio Solution File, Format Version 12.00
# Visual Studio Version 16
VisualStudioVersion = 16.0.29709.97
MinimumVisualStudioVersion = 15.0.26124.0
Project("{2150E333-8FDC-42A3-9474-1A3956D46DE8}") = "src", "src", "{B2091A3B-4363-4E44-877B-22E982BF4D99}"
EndProject
Project("{9A19103F-16F7-4668-BE54-9A1E7A4F7556}") = "BunnyLand.DesktopGL", "src\BunnyLand.DesktopGL\BunnyLand.DesktopGL.csproj", "{F5980450-74B7-41C4-9314-3CCA31E865B6}"
EndProject
Project("{9A19103F-16F7-4668-BE54-9A1E7A4F7556}") = "_build", "build\_build.csproj", "{DAFF4927-7DDC-4C4F-8520-C8F3231ECC87}"
EndProject
Project("{9A19103F-16F7-4668-BE54-9A1E7A4F7556}") = "BunnyLand.ResourceGenerator", "src\BunnyLand.ResourceGenerator\BunnyLand.ResourceGenerator.csproj", "{D0B76F54-5CA8-4575-943E-0B074F694388}"
EndProject
Project("{2150E333-8FDC-42A3-9474-1A3956D46DE8}") = "_Solution Items_", "_Solution Items_", "{E09B865F-03E1-48B3-8346-26362719FD82}"
ProjectSection(SolutionItems) = preProject
	nuget.config = nuget.config
EndProjectSection
EndProject
Project("{2150E333-8FDC-42A3-9474-1A3956D46DE8}") = "MonoGame.Extended", "MonoGame.Extended", "{761B64B4-4161-4E02-9BD6-A151FD929619}"
EndProject
Project("{FAE04EC0-301F-11D3-BF4B-00C04F79EFBC}") = "MonoGame.Extended", "MonoGame.Extended\Source\MonoGame.Extended\MonoGame.Extended.csproj", "{1D3D4E35-EDBD-4480-8AD8-B92027E1262C}"
EndProject
Project("{FAE04EC0-301F-11D3-BF4B-00C04F79EFBC}") = "MonoGame.Extended.Content.Pipeline", "MonoGame.Extended\Source\MonoGame.Extended.Content.Pipeline\MonoGame.Extended.Content.Pipeline.csproj", "{FD1480AE-3627-45D6-9352-66F82A0118A6}"
EndProject
Project("{FAE04EC0-301F-11D3-BF4B-00C04F79EFBC}") = "MonoGame.Extended.Graphics", "MonoGame.Extended\Source\MonoGame.Extended.Graphics\MonoGame.Extended.Graphics.csproj", "{053E82F2-9552-4D51-A61C-EF06857FB170}"
EndProject
Project("{FAE04EC0-301F-11D3-BF4B-00C04F79EFBC}") = "MonoGame.Extended.Tiled", "MonoGame.Extended\Source\MonoGame.Extended.Tiled\MonoGame.Extended.Tiled.csproj", "{5E839B6B-6F68-408F-A3F1-FA653B49E27F}"
EndProject
Project("{FAE04EC0-301F-11D3-BF4B-00C04F79EFBC}") = "MonoGame.Extended.Entities", "MonoGame.Extended\Source\MonoGame.Extended.Entities\MonoGame.Extended.Entities.csproj", "{56988A57-FC37-471B-BF43-CD3F81512D25}"
EndProject
Project("{FAE04EC0-301F-11D3-BF4B-00C04F79EFBC}") = "MonoGame.Extended.Input", "MonoGame.Extended\Source\MonoGame.Extended.Input\MonoGame.Extended.Input.csproj", "{E61D706B-A95C-48A1-9685-729FEC28C8C3}"
EndProject
Project("{FAE04EC0-301F-11D3-BF4B-00C04F79EFBC}") = "MonoGame.Extended.Gui", "MonoGame.Extended\Source\MonoGame.Extended.Gui\MonoGame.Extended.Gui.csproj", "{7C579CFC-F3E8-4B88-B7FF-F7C5F340FBB8}"
EndProject
Global
	GlobalSection(SolutionConfigurationPlatforms) = preSolution
		Debug|Any CPU = Debug|Any CPU
		Debug|x64 = Debug|x64
		Debug|x86 = Debug|x86
		Release|Any CPU = Release|Any CPU
		Release|x64 = Release|x64
		Release|x86 = Release|x86
	EndGlobalSection
	GlobalSection(ProjectConfigurationPlatforms) = postSolution
		{F5980450-74B7-41C4-9314-3CCA31E865B6}.Debug|Any CPU.ActiveCfg = Debug|Any CPU
		{F5980450-74B7-41C4-9314-3CCA31E865B6}.Debug|Any CPU.Build.0 = Debug|Any CPU
		{F5980450-74B7-41C4-9314-3CCA31E865B6}.Debug|x64.ActiveCfg = Debug|Any CPU
		{F5980450-74B7-41C4-9314-3CCA31E865B6}.Debug|x64.Build.0 = Debug|Any CPU
		{F5980450-74B7-41C4-9314-3CCA31E865B6}.Debug|x86.ActiveCfg = Debug|Any CPU
		{F5980450-74B7-41C4-9314-3CCA31E865B6}.Debug|x86.Build.0 = Debug|Any CPU
		{F5980450-74B7-41C4-9314-3CCA31E865B6}.Release|Any CPU.ActiveCfg = Release|Any CPU
		{F5980450-74B7-41C4-9314-3CCA31E865B6}.Release|Any CPU.Build.0 = Release|Any CPU
		{F5980450-74B7-41C4-9314-3CCA31E865B6}.Release|x64.ActiveCfg = Release|Any CPU
		{F5980450-74B7-41C4-9314-3CCA31E865B6}.Release|x64.Build.0 = Release|Any CPU
		{F5980450-74B7-41C4-9314-3CCA31E865B6}.Release|x86.ActiveCfg = Release|Any CPU
		{F5980450-74B7-41C4-9314-3CCA31E865B6}.Release|x86.Build.0 = Release|Any CPU
		{DAFF4927-7DDC-4C4F-8520-C8F3231ECC87}.Debug|Any CPU.ActiveCfg = Debug|Any CPU
		{DAFF4927-7DDC-4C4F-8520-C8F3231ECC87}.Debug|x64.ActiveCfg = Debug|Any CPU
		{DAFF4927-7DDC-4C4F-8520-C8F3231ECC87}.Debug|x86.ActiveCfg = Debug|Any CPU
		{DAFF4927-7DDC-4C4F-8520-C8F3231ECC87}.Release|Any CPU.ActiveCfg = Release|Any CPU
		{DAFF4927-7DDC-4C4F-8520-C8F3231ECC87}.Release|x64.ActiveCfg = Release|Any CPU
		{DAFF4927-7DDC-4C4F-8520-C8F3231ECC87}.Release|x86.ActiveCfg = Release|Any CPU
		{D0B76F54-5CA8-4575-943E-0B074F694388}.Debug|Any CPU.ActiveCfg = Debug|Any CPU
		{D0B76F54-5CA8-4575-943E-0B074F694388}.Debug|Any CPU.Build.0 = Debug|Any CPU
		{D0B76F54-5CA8-4575-943E-0B074F694388}.Debug|x64.ActiveCfg = Debug|Any CPU
		{D0B76F54-5CA8-4575-943E-0B074F694388}.Debug|x64.Build.0 = Debug|Any CPU
		{D0B76F54-5CA8-4575-943E-0B074F694388}.Debug|x86.ActiveCfg = Debug|Any CPU
		{D0B76F54-5CA8-4575-943E-0B074F694388}.Debug|x86.Build.0 = Debug|Any CPU
		{D0B76F54-5CA8-4575-943E-0B074F694388}.Release|Any CPU.ActiveCfg = Release|Any CPU
		{D0B76F54-5CA8-4575-943E-0B074F694388}.Release|Any CPU.Build.0 = Release|Any CPU
		{D0B76F54-5CA8-4575-943E-0B074F694388}.Release|x64.ActiveCfg = Release|Any CPU
		{D0B76F54-5CA8-4575-943E-0B074F694388}.Release|x64.Build.0 = Release|Any CPU
		{D0B76F54-5CA8-4575-943E-0B074F694388}.Release|x86.ActiveCfg = Release|Any CPU
		{D0B76F54-5CA8-4575-943E-0B074F694388}.Release|x86.Build.0 = Release|Any CPU
		{1D3D4E35-EDBD-4480-8AD8-B92027E1262C}.Debug|Any CPU.ActiveCfg = Debug|Any CPU
		{1D3D4E35-EDBD-4480-8AD8-B92027E1262C}.Debug|Any CPU.Build.0 = Debug|Any CPU
		{1D3D4E35-EDBD-4480-8AD8-B92027E1262C}.Debug|x64.ActiveCfg = Debug|Any CPU
		{1D3D4E35-EDBD-4480-8AD8-B92027E1262C}.Debug|x64.Build.0 = Debug|Any CPU
		{1D3D4E35-EDBD-4480-8AD8-B92027E1262C}.Debug|x86.ActiveCfg = Debug|Any CPU
		{1D3D4E35-EDBD-4480-8AD8-B92027E1262C}.Debug|x86.Build.0 = Debug|Any CPU
		{1D3D4E35-EDBD-4480-8AD8-B92027E1262C}.Release|Any CPU.ActiveCfg = Release|Any CPU
		{1D3D4E35-EDBD-4480-8AD8-B92027E1262C}.Release|Any CPU.Build.0 = Release|Any CPU
		{1D3D4E35-EDBD-4480-8AD8-B92027E1262C}.Release|x64.ActiveCfg = Release|Any CPU
		{1D3D4E35-EDBD-4480-8AD8-B92027E1262C}.Release|x64.Build.0 = Release|Any CPU
		{1D3D4E35-EDBD-4480-8AD8-B92027E1262C}.Release|x86.ActiveCfg = Release|Any CPU
		{1D3D4E35-EDBD-4480-8AD8-B92027E1262C}.Release|x86.Build.0 = Release|Any CPU
		{FD1480AE-3627-45D6-9352-66F82A0118A6}.Debug|Any CPU.ActiveCfg = Debug|Any CPU
		{FD1480AE-3627-45D6-9352-66F82A0118A6}.Debug|Any CPU.Build.0 = Debug|Any CPU
		{FD1480AE-3627-45D6-9352-66F82A0118A6}.Debug|x64.ActiveCfg = Debug|Any CPU
		{FD1480AE-3627-45D6-9352-66F82A0118A6}.Debug|x64.Build.0 = Debug|Any CPU
		{FD1480AE-3627-45D6-9352-66F82A0118A6}.Debug|x86.ActiveCfg = Debug|Any CPU
		{FD1480AE-3627-45D6-9352-66F82A0118A6}.Debug|x86.Build.0 = Debug|Any CPU
		{FD1480AE-3627-45D6-9352-66F82A0118A6}.Release|Any CPU.ActiveCfg = Release|Any CPU
		{FD1480AE-3627-45D6-9352-66F82A0118A6}.Release|Any CPU.Build.0 = Release|Any CPU
		{FD1480AE-3627-45D6-9352-66F82A0118A6}.Release|x64.ActiveCfg = Release|Any CPU
		{FD1480AE-3627-45D6-9352-66F82A0118A6}.Release|x64.Build.0 = Release|Any CPU
		{FD1480AE-3627-45D6-9352-66F82A0118A6}.Release|x86.ActiveCfg = Release|Any CPU
		{FD1480AE-3627-45D6-9352-66F82A0118A6}.Release|x86.Build.0 = Release|Any CPU
		{053E82F2-9552-4D51-A61C-EF06857FB170}.Debug|Any CPU.ActiveCfg = Debug|Any CPU
		{053E82F2-9552-4D51-A61C-EF06857FB170}.Debug|Any CPU.Build.0 = Debug|Any CPU
		{053E82F2-9552-4D51-A61C-EF06857FB170}.Debug|x64.ActiveCfg = Debug|Any CPU
		{053E82F2-9552-4D51-A61C-EF06857FB170}.Debug|x64.Build.0 = Debug|Any CPU
		{053E82F2-9552-4D51-A61C-EF06857FB170}.Debug|x86.ActiveCfg = Debug|Any CPU
		{053E82F2-9552-4D51-A61C-EF06857FB170}.Debug|x86.Build.0 = Debug|Any CPU
		{053E82F2-9552-4D51-A61C-EF06857FB170}.Release|Any CPU.ActiveCfg = Release|Any CPU
		{053E82F2-9552-4D51-A61C-EF06857FB170}.Release|Any CPU.Build.0 = Release|Any CPU
		{053E82F2-9552-4D51-A61C-EF06857FB170}.Release|x64.ActiveCfg = Release|Any CPU
		{053E82F2-9552-4D51-A61C-EF06857FB170}.Release|x64.Build.0 = Release|Any CPU
		{053E82F2-9552-4D51-A61C-EF06857FB170}.Release|x86.ActiveCfg = Release|Any CPU
		{053E82F2-9552-4D51-A61C-EF06857FB170}.Release|x86.Build.0 = Release|Any CPU
		{5E839B6B-6F68-408F-A3F1-FA653B49E27F}.Debug|Any CPU.ActiveCfg = Debug|Any CPU
		{5E839B6B-6F68-408F-A3F1-FA653B49E27F}.Debug|Any CPU.Build.0 = Debug|Any CPU
		{5E839B6B-6F68-408F-A3F1-FA653B49E27F}.Debug|x64.ActiveCfg = Debug|Any CPU
		{5E839B6B-6F68-408F-A3F1-FA653B49E27F}.Debug|x64.Build.0 = Debug|Any CPU
		{5E839B6B-6F68-408F-A3F1-FA653B49E27F}.Debug|x86.ActiveCfg = Debug|Any CPU
		{5E839B6B-6F68-408F-A3F1-FA653B49E27F}.Debug|x86.Build.0 = Debug|Any CPU
		{5E839B6B-6F68-408F-A3F1-FA653B49E27F}.Release|Any CPU.ActiveCfg = Release|Any CPU
		{5E839B6B-6F68-408F-A3F1-FA653B49E27F}.Release|Any CPU.Build.0 = Release|Any CPU
		{5E839B6B-6F68-408F-A3F1-FA653B49E27F}.Release|x64.ActiveCfg = Release|Any CPU
		{5E839B6B-6F68-408F-A3F1-FA653B49E27F}.Release|x64.Build.0 = Release|Any CPU
		{5E839B6B-6F68-408F-A3F1-FA653B49E27F}.Release|x86.ActiveCfg = Release|Any CPU
		{5E839B6B-6F68-408F-A3F1-FA653B49E27F}.Release|x86.Build.0 = Release|Any CPU
		{56988A57-FC37-471B-BF43-CD3F81512D25}.Debug|Any CPU.ActiveCfg = Debug|Any CPU
		{56988A57-FC37-471B-BF43-CD3F81512D25}.Debug|Any CPU.Build.0 = Debug|Any CPU
		{56988A57-FC37-471B-BF43-CD3F81512D25}.Debug|x64.ActiveCfg = Debug|Any CPU
		{56988A57-FC37-471B-BF43-CD3F81512D25}.Debug|x64.Build.0 = Debug|Any CPU
		{56988A57-FC37-471B-BF43-CD3F81512D25}.Debug|x86.ActiveCfg = Debug|Any CPU
		{56988A57-FC37-471B-BF43-CD3F81512D25}.Debug|x86.Build.0 = Debug|Any CPU
		{56988A57-FC37-471B-BF43-CD3F81512D25}.Release|Any CPU.ActiveCfg = Release|Any CPU
		{56988A57-FC37-471B-BF43-CD3F81512D25}.Release|Any CPU.Build.0 = Release|Any CPU
		{56988A57-FC37-471B-BF43-CD3F81512D25}.Release|x64.ActiveCfg = Release|Any CPU
		{56988A57-FC37-471B-BF43-CD3F81512D25}.Release|x64.Build.0 = Release|Any CPU
		{56988A57-FC37-471B-BF43-CD3F81512D25}.Release|x86.ActiveCfg = Release|Any CPU
		{56988A57-FC37-471B-BF43-CD3F81512D25}.Release|x86.Build.0 = Release|Any CPU
		{E61D706B-A95C-48A1-9685-729FEC28C8C3}.Debug|Any CPU.ActiveCfg = Debug|Any CPU
		{E61D706B-A95C-48A1-9685-729FEC28C8C3}.Debug|Any CPU.Build.0 = Debug|Any CPU
		{E61D706B-A95C-48A1-9685-729FEC28C8C3}.Debug|x64.ActiveCfg = Debug|Any CPU
		{E61D706B-A95C-48A1-9685-729FEC28C8C3}.Debug|x64.Build.0 = Debug|Any CPU
		{E61D706B-A95C-48A1-9685-729FEC28C8C3}.Debug|x86.ActiveCfg = Debug|Any CPU
		{E61D706B-A95C-48A1-9685-729FEC28C8C3}.Debug|x86.Build.0 = Debug|Any CPU
		{E61D706B-A95C-48A1-9685-729FEC28C8C3}.Release|Any CPU.ActiveCfg = Release|Any CPU
		{E61D706B-A95C-48A1-9685-729FEC28C8C3}.Release|Any CPU.Build.0 = Release|Any CPU
		{E61D706B-A95C-48A1-9685-729FEC28C8C3}.Release|x64.ActiveCfg = Release|Any CPU
		{E61D706B-A95C-48A1-9685-729FEC28C8C3}.Release|x64.Build.0 = Release|Any CPU
		{E61D706B-A95C-48A1-9685-729FEC28C8C3}.Release|x86.ActiveCfg = Release|Any CPU
		{E61D706B-A95C-48A1-9685-729FEC28C8C3}.Release|x86.Build.0 = Release|Any CPU
		{7C579CFC-F3E8-4B88-B7FF-F7C5F340FBB8}.Debug|Any CPU.ActiveCfg = Debug|Any CPU
		{7C579CFC-F3E8-4B88-B7FF-F7C5F340FBB8}.Debug|Any CPU.Build.0 = Debug|Any CPU
		{7C579CFC-F3E8-4B88-B7FF-F7C5F340FBB8}.Debug|x64.ActiveCfg = Debug|Any CPU
		{7C579CFC-F3E8-4B88-B7FF-F7C5F340FBB8}.Debug|x64.Build.0 = Debug|Any CPU
		{7C579CFC-F3E8-4B88-B7FF-F7C5F340FBB8}.Debug|x86.ActiveCfg = Debug|Any CPU
		{7C579CFC-F3E8-4B88-B7FF-F7C5F340FBB8}.Debug|x86.Build.0 = Debug|Any CPU
		{7C579CFC-F3E8-4B88-B7FF-F7C5F340FBB8}.Release|Any CPU.ActiveCfg = Release|Any CPU
		{7C579CFC-F3E8-4B88-B7FF-F7C5F340FBB8}.Release|Any CPU.Build.0 = Release|Any CPU
		{7C579CFC-F3E8-4B88-B7FF-F7C5F340FBB8}.Release|x64.ActiveCfg = Release|Any CPU
		{7C579CFC-F3E8-4B88-B7FF-F7C5F340FBB8}.Release|x64.Build.0 = Release|Any CPU
		{7C579CFC-F3E8-4B88-B7FF-F7C5F340FBB8}.Release|x86.ActiveCfg = Release|Any CPU
		{7C579CFC-F3E8-4B88-B7FF-F7C5F340FBB8}.Release|x86.Build.0 = Release|Any CPU
	EndGlobalSection
	GlobalSection(SolutionProperties) = preSolution
		HideSolutionNode = FALSE
	EndGlobalSection
	GlobalSection(NestedProjects) = preSolution
		{F5980450-74B7-41C4-9314-3CCA31E865B6} = {B2091A3B-4363-4E44-877B-22E982BF4D99}
		{D0B76F54-5CA8-4575-943E-0B074F694388} = {B2091A3B-4363-4E44-877B-22E982BF4D99}
		{1D3D4E35-EDBD-4480-8AD8-B92027E1262C} = {761B64B4-4161-4E02-9BD6-A151FD929619}
		{FD1480AE-3627-45D6-9352-66F82A0118A6} = {761B64B4-4161-4E02-9BD6-A151FD929619}
		{053E82F2-9552-4D51-A61C-EF06857FB170} = {761B64B4-4161-4E02-9BD6-A151FD929619}
		{5E839B6B-6F68-408F-A3F1-FA653B49E27F} = {761B64B4-4161-4E02-9BD6-A151FD929619}
		{56988A57-FC37-471B-BF43-CD3F81512D25} = {761B64B4-4161-4E02-9BD6-A151FD929619}
		{E61D706B-A95C-48A1-9685-729FEC28C8C3} = {761B64B4-4161-4E02-9BD6-A151FD929619}
		{7C579CFC-F3E8-4B88-B7FF-F7C5F340FBB8} = {761B64B4-4161-4E02-9BD6-A151FD929619}
	EndGlobalSection
	GlobalSection(ExtensibilityGlobals) = postSolution
		SolutionGuid = {5E6B38B4-2ED0-4E05-B719-3B7E34D0B1E2}
	EndGlobalSection
EndGlobal
