
Microsoft Visual Studio Solution File, Format Version 12.00
# Visual Studio Version 16
VisualStudioVersion = 16.0.29709.97
MinimumVisualStudioVersion = 15.0.26124.0
Project("{2150E333-8FDC-42A3-9474-1A3956D46DE8}") = "src", "src", "{B2091A3B-4363-4E44-877B-22E982BF4D99}"
EndProject
Project("{9A19103F-16F7-4668-BE54-9A1E7A4F7556}") = "BunnyLand.DesktopGL", "src\BunnyLand.DesktopGL\BunnyLand.DesktopGL.csproj", "{F5980450-74B7-41C4-9314-3CCA31E865B6}"
EndProject
Project("{2150E333-8FDC-42A3-9474-1A3956D46DE8}") = "old", "old", "{82125867-6487-46D3-9E3A-1C01A1A0D49C}"
EndProject
Project("{FAE04EC0-301F-11D3-BF4B-00C04F79EFBC}") = "BunnyLand", "old\BunnyLand.csproj", "{42157438-4124-4EA1-A432-FCCFA1E78BFF}"
EndProject
Project("{9A19103F-16F7-4668-BE54-9A1E7A4F7556}") = "_build", "build\_build.csproj", "{DAFF4927-7DDC-4C4F-8520-C8F3231ECC87}"
EndProject
Project("{9A19103F-16F7-4668-BE54-9A1E7A4F7556}") = "BunnyLand.ResourceGenerator", "src\BunnyLand.ResourceGenerator\BunnyLand.ResourceGenerator.csproj", "{D0B76F54-5CA8-4575-943E-0B074F694388}"
EndProject
Project("{2150E333-8FDC-42A3-9474-1A3956D46DE8}") = "Nez", "Nez", "{6EE823EE-D0AD-431A-91A3-EDE7A69EF057}"
EndProject
Project("{FAE04EC0-301F-11D3-BF4B-00C04F79EFBC}") = "Nez.Standard", "Nez\Nez.Portable\Nez.Standard.csproj", "{0DB438B5-78D9-4BAC-981F-4FDCC6386E40}"
EndProject
Project("{2150E333-8FDC-42A3-9474-1A3956D46DE8}") = "_Solution Items_", "_Solution Items_", "{E09B865F-03E1-48B3-8346-26362719FD82}"
ProjectSection(SolutionItems) = preProject
	nuget.config = nuget.config
EndProjectSection
EndProject
Global
	GlobalSection(SolutionConfigurationPlatforms) = preSolution
		Debug|Any CPU = Debug|Any CPU
		Debug|x64 = Debug|x64
		Debug|x86 = Debug|x86
		Release|Any CPU = Release|Any CPU
		Release|x64 = Release|x64
		Release|x86 = Release|x86
	EndGlobalSection
	GlobalSection(ProjectConfigurationPlatforms) = postSolution
		{F5980450-74B7-41C4-9314-3CCA31E865B6}.Debug|Any CPU.ActiveCfg = Debug|Any CPU
		{F5980450-74B7-41C4-9314-3CCA31E865B6}.Debug|Any CPU.Build.0 = Debug|Any CPU
		{F5980450-74B7-41C4-9314-3CCA31E865B6}.Debug|x64.ActiveCfg = Debug|Any CPU
		{F5980450-74B7-41C4-9314-3CCA31E865B6}.Debug|x64.Build.0 = Debug|Any CPU
		{F5980450-74B7-41C4-9314-3CCA31E865B6}.Debug|x86.ActiveCfg = Debug|Any CPU
		{F5980450-74B7-41C4-9314-3CCA31E865B6}.Debug|x86.Build.0 = Debug|Any CPU
		{F5980450-74B7-41C4-9314-3CCA31E865B6}.Release|Any CPU.ActiveCfg = Release|Any CPU
		{F5980450-74B7-41C4-9314-3CCA31E865B6}.Release|Any CPU.Build.0 = Release|Any CPU
		{F5980450-74B7-41C4-9314-3CCA31E865B6}.Release|x64.ActiveCfg = Release|Any CPU
		{F5980450-74B7-41C4-9314-3CCA31E865B6}.Release|x64.Build.0 = Release|Any CPU
		{F5980450-74B7-41C4-9314-3CCA31E865B6}.Release|x86.ActiveCfg = Release|Any CPU
		{F5980450-74B7-41C4-9314-3CCA31E865B6}.Release|x86.Build.0 = Release|Any CPU
		{42157438-4124-4EA1-A432-FCCFA1E78BFF}.Debug|Any CPU.ActiveCfg = Debug|x86
		{42157438-4124-4EA1-A432-FCCFA1E78BFF}.Debug|x64.ActiveCfg = Debug|x86
		{42157438-4124-4EA1-A432-FCCFA1E78BFF}.Debug|x64.Build.0 = Debug|x86
		{42157438-4124-4EA1-A432-FCCFA1E78BFF}.Debug|x86.ActiveCfg = Debug|x86
		{42157438-4124-4EA1-A432-FCCFA1E78BFF}.Debug|x86.Build.0 = Debug|x86
		{42157438-4124-4EA1-A432-FCCFA1E78BFF}.Release|Any CPU.ActiveCfg = Release|x86
		{42157438-4124-4EA1-A432-FCCFA1E78BFF}.Release|Any CPU.Build.0 = Release|x86
		{42157438-4124-4EA1-A432-FCCFA1E78BFF}.Release|x64.ActiveCfg = Release|x86
		{42157438-4124-4EA1-A432-FCCFA1E78BFF}.Release|x64.Build.0 = Release|x86
		{42157438-4124-4EA1-A432-FCCFA1E78BFF}.Release|x86.ActiveCfg = Release|x86
		{42157438-4124-4EA1-A432-FCCFA1E78BFF}.Release|x86.Build.0 = Release|x86
		{DAFF4927-7DDC-4C4F-8520-C8F3231ECC87}.Debug|Any CPU.ActiveCfg = Debug|Any CPU
		{DAFF4927-7DDC-4C4F-8520-C8F3231ECC87}.Debug|x64.ActiveCfg = Debug|Any CPU
		{DAFF4927-7DDC-4C4F-8520-C8F3231ECC87}.Debug|x86.ActiveCfg = Debug|Any CPU
		{DAFF4927-7DDC-4C4F-8520-C8F3231ECC87}.Release|Any CPU.ActiveCfg = Release|Any CPU
		{DAFF4927-7DDC-4C4F-8520-C8F3231ECC87}.Release|x64.ActiveCfg = Release|Any CPU
		{DAFF4927-7DDC-4C4F-8520-C8F3231ECC87}.Release|x86.ActiveCfg = Release|Any CPU
		{D0B76F54-5CA8-4575-943E-0B074F694388}.Debug|Any CPU.ActiveCfg = Debug|Any CPU
		{D0B76F54-5CA8-4575-943E-0B074F694388}.Debug|Any CPU.Build.0 = Debug|Any CPU
		{D0B76F54-5CA8-4575-943E-0B074F694388}.Debug|x64.ActiveCfg = Debug|Any CPU
		{D0B76F54-5CA8-4575-943E-0B074F694388}.Debug|x64.Build.0 = Debug|Any CPU
		{D0B76F54-5CA8-4575-943E-0B074F694388}.Debug|x86.ActiveCfg = Debug|Any CPU
		{D0B76F54-5CA8-4575-943E-0B074F694388}.Debug|x86.Build.0 = Debug|Any CPU
		{D0B76F54-5CA8-4575-943E-0B074F694388}.Release|Any CPU.ActiveCfg = Release|Any CPU
		{D0B76F54-5CA8-4575-943E-0B074F694388}.Release|Any CPU.Build.0 = Release|Any CPU
		{D0B76F54-5CA8-4575-943E-0B074F694388}.Release|x64.ActiveCfg = Release|Any CPU
		{D0B76F54-5CA8-4575-943E-0B074F694388}.Release|x64.Build.0 = Release|Any CPU
		{D0B76F54-5CA8-4575-943E-0B074F694388}.Release|x86.ActiveCfg = Release|Any CPU
		{D0B76F54-5CA8-4575-943E-0B074F694388}.Release|x86.Build.0 = Release|Any CPU
		{0DB438B5-78D9-4BAC-981F-4FDCC6386E40}.Debug|Any CPU.ActiveCfg = Debug|Any CPU
		{0DB438B5-78D9-4BAC-981F-4FDCC6386E40}.Debug|Any CPU.Build.0 = Debug|Any CPU
		{0DB438B5-78D9-4BAC-981F-4FDCC6386E40}.Debug|x64.ActiveCfg = Debug|Any CPU
		{0DB438B5-78D9-4BAC-981F-4FDCC6386E40}.Debug|x64.Build.0 = Debug|Any CPU
		{0DB438B5-78D9-4BAC-981F-4FDCC6386E40}.Debug|x86.ActiveCfg = Debug|Any CPU
		{0DB438B5-78D9-4BAC-981F-4FDCC6386E40}.Debug|x86.Build.0 = Debug|Any CPU
		{0DB438B5-78D9-4BAC-981F-4FDCC6386E40}.Release|Any CPU.ActiveCfg = Release|Any CPU
		{0DB438B5-78D9-4BAC-981F-4FDCC6386E40}.Release|Any CPU.Build.0 = Release|Any CPU
		{0DB438B5-78D9-4BAC-981F-4FDCC6386E40}.Release|x64.ActiveCfg = Release|Any CPU
		{0DB438B5-78D9-4BAC-981F-4FDCC6386E40}.Release|x64.Build.0 = Release|Any CPU
		{0DB438B5-78D9-4BAC-981F-4FDCC6386E40}.Release|x86.ActiveCfg = Release|Any CPU
		{0DB438B5-78D9-4BAC-981F-4FDCC6386E40}.Release|x86.Build.0 = Release|Any CPU
	EndGlobalSection
	GlobalSection(SolutionProperties) = preSolution
		HideSolutionNode = FALSE
	EndGlobalSection
	GlobalSection(NestedProjects) = preSolution
		{F5980450-74B7-41C4-9314-3CCA31E865B6} = {B2091A3B-4363-4E44-877B-22E982BF4D99}
		{42157438-4124-4EA1-A432-FCCFA1E78BFF} = {82125867-6487-46D3-9E3A-1C01A1A0D49C}
		{D0B76F54-5CA8-4575-943E-0B074F694388} = {B2091A3B-4363-4E44-877B-22E982BF4D99}
		{0DB438B5-78D9-4BAC-981F-4FDCC6386E40} = {6EE823EE-D0AD-431A-91A3-EDE7A69EF057}
	EndGlobalSection
	GlobalSection(ExtensibilityGlobals) = postSolution
		SolutionGuid = {5E6B38B4-2ED0-4E05-B719-3B7E34D0B1E2}
	EndGlobalSection
EndGlobal
