
Microsoft Visual Studio Solution File, Format Version 12.00
Project("{FAE04EC0-301F-11D3-BF4B-00C04F79EFBC}") = "MultiPong.DesktopGL", "MultiPong.DesktopGL\MultiPong.DesktopGL.csproj", "{1B1F2491-9CB2-43C0-B3BB-81D0866C453A}"
EndProject
Project("{FAE04EC0-301F-11D3-BF4B-00C04F79EFBC}") = "DinoBlast.Puncher", "..\src\DinoBlast.Puncher\DinoBlast.Puncher.csproj", "{C37A4F31-8231-466A-AD20-2986C580E163}"
EndProject
Project("{FAE04EC0-301F-11D3-BF4B-00C04F79EFBC}") = "Apos.Gui", "..\Apos.Gui\Source\Apos.Gui.csproj", "{D995D4D7-6B81-426B-ACDD-BF907993131E}"
EndProject
Project("{FAE04EC0-301F-11D3-BF4B-00C04F79EFBC}") = "DinoBlast.Servers", "..\src\DinoBlast.Servers\DinoBlast.Servers.csproj", "{51A823A6-5538-464C-AA4B-9D8D0A2BF42D}"
EndProject
Global
	GlobalSection(SolutionConfigurationPlatforms) = preSolution
		Debug|Any CPU = Debug|Any CPU
		Release|Any CPU = Release|Any CPU
	EndGlobalSection
	GlobalSection(ProjectConfigurationPlatforms) = postSolution
		{1B1F2491-9CB2-43C0-B3BB-81D0866C453A}.Debug|Any CPU.ActiveCfg = Debug|Any CPU
		{1B1F2491-9CB2-43C0-B3BB-81D0866C453A}.Debug|Any CPU.Build.0 = Debug|Any CPU
		{1B1F2491-9CB2-43C0-B3BB-81D0866C453A}.Release|Any CPU.ActiveCfg = Release|Any CPU
		{1B1F2491-9CB2-43C0-B3BB-81D0866C453A}.Release|Any CPU.Build.0 = Release|Any CPU
		{C37A4F31-8231-466A-AD20-2986C580E163}.Debug|Any CPU.ActiveCfg = Debug|Any CPU
		{C37A4F31-8231-466A-AD20-2986C580E163}.Debug|Any CPU.Build.0 = Debug|Any CPU
		{C37A4F31-8231-466A-AD20-2986C580E163}.Release|Any CPU.ActiveCfg = Release|Any CPU
		{C37A4F31-8231-466A-AD20-2986C580E163}.Release|Any CPU.Build.0 = Release|Any CPU
		{D995D4D7-6B81-426B-ACDD-BF907993131E}.Debug|Any CPU.ActiveCfg = Debug|Any CPU
		{D995D4D7-6B81-426B-ACDD-BF907993131E}.Debug|Any CPU.Build.0 = Debug|Any CPU
		{D995D4D7-6B81-426B-ACDD-BF907993131E}.Release|Any CPU.ActiveCfg = Release|Any CPU
		{D995D4D7-6B81-426B-ACDD-BF907993131E}.Release|Any CPU.Build.0 = Release|Any CPU
		{51A823A6-5538-464C-AA4B-9D8D0A2BF42D}.Debug|Any CPU.ActiveCfg = Debug|Any CPU
		{51A823A6-5538-464C-AA4B-9D8D0A2BF42D}.Debug|Any CPU.Build.0 = Debug|Any CPU
		{51A823A6-5538-464C-AA4B-9D8D0A2BF42D}.Release|Any CPU.ActiveCfg = Release|Any CPU
		{51A823A6-5538-464C-AA4B-9D8D0A2BF42D}.Release|Any CPU.Build.0 = Release|Any CPU
	EndGlobalSection
EndGlobal
